
Microsoft Visual Studio Solution File, Format Version 12.00
# Visual Studio Version 16
VisualStudioVersion = 16.0.30523.141
MinimumVisualStudioVersion = 10.0.40219.1
Project("{FAE04EC0-301F-11D3-BF4B-00C04F79EFBC}") = "TeamPowered", "TeamPowered\TeamPowered.csproj", "{EE777B6E-2B61-4939-83B3-BA90D74B7809}"
EndProject
Global
	GlobalSection(SolutionConfigurationPlatforms) = preSolution
		Debug|Any CPU = Debug|Any CPU
		Release|Any CPU = Release|Any CPU
	EndGlobalSection
	GlobalSection(ProjectConfigurationPlatforms) = postSolution
		{EE777B6E-2B61-4939-83B3-BA90D74B7809}.Debug|Any CPU.ActiveCfg = Debug|Any CPU
		{EE777B6E-2B61-4939-83B3-BA90D74B7809}.Debug|Any CPU.Build.0 = Debug|Any CPU
		{EE777B6E-2B61-4939-83B3-BA90D74B7809}.Release|Any CPU.ActiveCfg = Release|Any CPU
		{EE777B6E-2B61-4939-83B3-BA90D74B7809}.Release|Any CPU.Build.0 = Release|Any CPU
	EndGlobalSection
	GlobalSection(SolutionProperties) = preSolution
		HideSolutionNode = FALSE
	EndGlobalSection
	GlobalSection(ExtensibilityGlobals) = postSolution
		SolutionGuid = {375CBB3D-8F01-40B5-A79A-C02E4C197271}
	EndGlobalSection
EndGlobal
